
Microsoft Visual Studio Solution File, Format Version 12.00
# Visual Studio Version 16
VisualStudioVersion = 16.0.30011.22
MinimumVisualStudioVersion = 10.0.40219.1
Project("{9A19103F-16F7-4668-BE54-9A1E7A4F7556}") = "CryptoWatcher.Domain", "CryptoWatcher.Domain\CryptoWatcher.Domain.csproj", "{B6DBBB9C-D0C5-43D5-AAED-B2556727684C}"
EndProject
Project("{9A19103F-16F7-4668-BE54-9A1E7A4F7556}") = "CryptoWatcher.Persistence", "CryptoWatcher.Persistence\CryptoWatcher.Persistence.csproj", "{C40B35A2-161C-42AA-BA44-189D6379FA3E}"
EndProject
Project("{2150E333-8FDC-42A3-9474-1A3956D46DE8}") = "3.- Domain", "3.- Domain", "{C6E9ABD6-381C-4BD2-A666-D52A953BE516}"
EndProject
Project("{2150E333-8FDC-42A3-9474-1A3956D46DE8}") = "4.- Persistence", "4.- Persistence", "{3BC58F9B-2BBB-47A9-9B07-47C766F20070}"
EndProject
Project("{2150E333-8FDC-42A3-9474-1A3956D46DE8}") = "2.- Application", "2.- Application", "{1C3DE5BC-D4BF-437C-B9E2-FF1049025709}"
EndProject
Project("{2150E333-8FDC-42A3-9474-1A3956D46DE8}") = "6.- Shared", "6.- Shared", "{DDE064C9-097E-4D91-87A0-9F2F7891BC8F}"
EndProject
Project("{9A19103F-16F7-4668-BE54-9A1E7A4F7556}") = "CryptoWatcher.Application", "CryptoWatcher.Application\CryptoWatcher.Application.csproj", "{8D834433-08CF-4210-9689-3F900D659279}"
EndProject
Project("{9A19103F-16F7-4668-BE54-9A1E7A4F7556}") = "CesarBmx.Shared.Serialization", "..\Shared\CesarBmx.Shared.Serialization\CesarBmx.Shared.Serialization.csproj", "{B6F61434-98F8-4A0C-A5B8-5A4B076129FE}"
EndProject
Project("{9A19103F-16F7-4668-BE54-9A1E7A4F7556}") = "CesarBmx.Shared.Common", "..\Shared\CesarBmx.Shared.Common\CesarBmx.Shared.Common.csproj", "{673E5381-200F-4037-B390-AD03FB3DABA1}"
EndProject
Project("{9A19103F-16F7-4668-BE54-9A1E7A4F7556}") = "CesarBmx.Shared.Logging", "..\Shared\CesarBmx.Shared.Logging\CesarBmx.Shared.Logging.csproj", "{6115AEB9-55F2-4962-810E-1F9CD8D6AF7B}"
EndProject
Project("{9A19103F-16F7-4668-BE54-9A1E7A4F7556}") = "CesarBmx.Shared.Persistence", "..\Shared\CesarBmx.Shared.Persistence\CesarBmx.Shared.Persistence.csproj", "{8617E240-691D-4F27-8BA1-48DB5A1A1BBD}"
EndProject
Project("{9A19103F-16F7-4668-BE54-9A1E7A4F7556}") = "CesarBmx.Shared.Application", "..\Shared\CesarBmx.Shared.Application\CesarBmx.Shared.Application.csproj", "{CA4B1A85-1B46-48B4-BA02-10D340C89894}"
EndProject
Project("{9A19103F-16F7-4668-BE54-9A1E7A4F7556}") = "CesarBmx.Shared.Domain", "..\Shared\CesarBmx.Shared.Domain\CesarBmx.Shared.Domain.csproj", "{66D096BC-0261-41DF-A729-0208566364D5}"
EndProject
Project("{2150E333-8FDC-42A3-9474-1A3956D46DE8}") = "1.- Api", "1.- Api", "{8E1719A6-CEC6-4766-B07B-F2D4EDA91057}"
EndProject
Project("{9A19103F-16F7-4668-BE54-9A1E7A4F7556}") = "CesarBmx.Shared.Api", "..\Shared\CesarBmx.Shared.Api\CesarBmx.Shared.Api.csproj", "{3EA42686-C653-4B10-B4CB-FB574EE9907F}"
EndProject
Project("{9A19103F-16F7-4668-BE54-9A1E7A4F7556}") = "CryptoWatcher.Api", "CryptoWatcher.Api\CryptoWatcher.Api.csproj", "{429A8222-39DC-4D9A-B0BA-EE0893324CF4}"
EndProject
Project("{2150E333-8FDC-42A3-9474-1A3956D46DE8}") = "5.- Tests", "5.- Tests", "{7EAD0122-1242-4179-BE50-5641F18D4050}"
EndProject
Project("{9A19103F-16F7-4668-BE54-9A1E7A4F7556}") = "CryptoWatcher.Tests", "CryptoWatcher.Tests\CryptoWatcher.Tests.csproj", "{49B7FF2E-7861-4E50-BA2F-1E79787659DF}"
EndProject
Global
	GlobalSection(SolutionConfigurationPlatforms) = preSolution
		Debug|Any CPU = Debug|Any CPU
		Release|Any CPU = Release|Any CPU
	EndGlobalSection
	GlobalSection(ProjectConfigurationPlatforms) = postSolution
		{B6DBBB9C-D0C5-43D5-AAED-B2556727684C}.Debug|Any CPU.ActiveCfg = Debug|Any CPU
		{B6DBBB9C-D0C5-43D5-AAED-B2556727684C}.Debug|Any CPU.Build.0 = Debug|Any CPU
		{B6DBBB9C-D0C5-43D5-AAED-B2556727684C}.Release|Any CPU.ActiveCfg = Release|Any CPU
		{B6DBBB9C-D0C5-43D5-AAED-B2556727684C}.Release|Any CPU.Build.0 = Release|Any CPU
		{C40B35A2-161C-42AA-BA44-189D6379FA3E}.Debug|Any CPU.ActiveCfg = Debug|Any CPU
		{C40B35A2-161C-42AA-BA44-189D6379FA3E}.Debug|Any CPU.Build.0 = Debug|Any CPU
		{C40B35A2-161C-42AA-BA44-189D6379FA3E}.Release|Any CPU.ActiveCfg = Debug|Any CPU
		{C40B35A2-161C-42AA-BA44-189D6379FA3E}.Release|Any CPU.Build.0 = Debug|Any CPU
		{8D834433-08CF-4210-9689-3F900D659279}.Debug|Any CPU.ActiveCfg = Debug|Any CPU
		{8D834433-08CF-4210-9689-3F900D659279}.Debug|Any CPU.Build.0 = Debug|Any CPU
		{8D834433-08CF-4210-9689-3F900D659279}.Release|Any CPU.ActiveCfg = Release|Any CPU
		{8D834433-08CF-4210-9689-3F900D659279}.Release|Any CPU.Build.0 = Release|Any CPU
		{B6F61434-98F8-4A0C-A5B8-5A4B076129FE}.Debug|Any CPU.ActiveCfg = Debug|Any CPU
		{B6F61434-98F8-4A0C-A5B8-5A4B076129FE}.Debug|Any CPU.Build.0 = Debug|Any CPU
		{B6F61434-98F8-4A0C-A5B8-5A4B076129FE}.Release|Any CPU.ActiveCfg = Release|Any CPU
		{B6F61434-98F8-4A0C-A5B8-5A4B076129FE}.Release|Any CPU.Build.0 = Release|Any CPU
		{673E5381-200F-4037-B390-AD03FB3DABA1}.Debug|Any CPU.ActiveCfg = Debug|Any CPU
		{673E5381-200F-4037-B390-AD03FB3DABA1}.Debug|Any CPU.Build.0 = Debug|Any CPU
		{673E5381-200F-4037-B390-AD03FB3DABA1}.Release|Any CPU.ActiveCfg = Release|Any CPU
		{673E5381-200F-4037-B390-AD03FB3DABA1}.Release|Any CPU.Build.0 = Release|Any CPU
		{6115AEB9-55F2-4962-810E-1F9CD8D6AF7B}.Debug|Any CPU.ActiveCfg = Debug|Any CPU
		{6115AEB9-55F2-4962-810E-1F9CD8D6AF7B}.Debug|Any CPU.Build.0 = Debug|Any CPU
		{6115AEB9-55F2-4962-810E-1F9CD8D6AF7B}.Release|Any CPU.ActiveCfg = Release|Any CPU
		{6115AEB9-55F2-4962-810E-1F9CD8D6AF7B}.Release|Any CPU.Build.0 = Release|Any CPU
		{8617E240-691D-4F27-8BA1-48DB5A1A1BBD}.Debug|Any CPU.ActiveCfg = Debug|Any CPU
		{8617E240-691D-4F27-8BA1-48DB5A1A1BBD}.Debug|Any CPU.Build.0 = Debug|Any CPU
		{8617E240-691D-4F27-8BA1-48DB5A1A1BBD}.Release|Any CPU.ActiveCfg = Release|Any CPU
		{8617E240-691D-4F27-8BA1-48DB5A1A1BBD}.Release|Any CPU.Build.0 = Release|Any CPU
		{CA4B1A85-1B46-48B4-BA02-10D340C89894}.Debug|Any CPU.ActiveCfg = Debug|Any CPU
		{CA4B1A85-1B46-48B4-BA02-10D340C89894}.Debug|Any CPU.Build.0 = Debug|Any CPU
		{CA4B1A85-1B46-48B4-BA02-10D340C89894}.Release|Any CPU.ActiveCfg = Release|Any CPU
		{CA4B1A85-1B46-48B4-BA02-10D340C89894}.Release|Any CPU.Build.0 = Release|Any CPU
		{66D096BC-0261-41DF-A729-0208566364D5}.Debug|Any CPU.ActiveCfg = Debug|Any CPU
		{66D096BC-0261-41DF-A729-0208566364D5}.Debug|Any CPU.Build.0 = Debug|Any CPU
		{66D096BC-0261-41DF-A729-0208566364D5}.Release|Any CPU.ActiveCfg = Release|Any CPU
		{66D096BC-0261-41DF-A729-0208566364D5}.Release|Any CPU.Build.0 = Release|Any CPU
		{3EA42686-C653-4B10-B4CB-FB574EE9907F}.Debug|Any CPU.ActiveCfg = Debug|Any CPU
		{3EA42686-C653-4B10-B4CB-FB574EE9907F}.Debug|Any CPU.Build.0 = Debug|Any CPU
		{3EA42686-C653-4B10-B4CB-FB574EE9907F}.Release|Any CPU.ActiveCfg = Release|Any CPU
		{3EA42686-C653-4B10-B4CB-FB574EE9907F}.Release|Any CPU.Build.0 = Release|Any CPU
		{429A8222-39DC-4D9A-B0BA-EE0893324CF4}.Debug|Any CPU.ActiveCfg = Debug|Any CPU
		{429A8222-39DC-4D9A-B0BA-EE0893324CF4}.Debug|Any CPU.Build.0 = Debug|Any CPU
		{429A8222-39DC-4D9A-B0BA-EE0893324CF4}.Release|Any CPU.ActiveCfg = Release|Any CPU
		{429A8222-39DC-4D9A-B0BA-EE0893324CF4}.Release|Any CPU.Build.0 = Release|Any CPU
		{49B7FF2E-7861-4E50-BA2F-1E79787659DF}.Debug|Any CPU.ActiveCfg = Debug|Any CPU
		{49B7FF2E-7861-4E50-BA2F-1E79787659DF}.Debug|Any CPU.Build.0 = Debug|Any CPU
		{49B7FF2E-7861-4E50-BA2F-1E79787659DF}.Release|Any CPU.ActiveCfg = Release|Any CPU
		{49B7FF2E-7861-4E50-BA2F-1E79787659DF}.Release|Any CPU.Build.0 = Release|Any CPU
	EndGlobalSection
	GlobalSection(SolutionProperties) = preSolution
		HideSolutionNode = FALSE
	EndGlobalSection
	GlobalSection(NestedProjects) = preSolution
		{B6DBBB9C-D0C5-43D5-AAED-B2556727684C} = {C6E9ABD6-381C-4BD2-A666-D52A953BE516}
		{C40B35A2-161C-42AA-BA44-189D6379FA3E} = {3BC58F9B-2BBB-47A9-9B07-47C766F20070}
		{8D834433-08CF-4210-9689-3F900D659279} = {1C3DE5BC-D4BF-437C-B9E2-FF1049025709}
		{B6F61434-98F8-4A0C-A5B8-5A4B076129FE} = {DDE064C9-097E-4D91-87A0-9F2F7891BC8F}
		{673E5381-200F-4037-B390-AD03FB3DABA1} = {DDE064C9-097E-4D91-87A0-9F2F7891BC8F}
		{6115AEB9-55F2-4962-810E-1F9CD8D6AF7B} = {DDE064C9-097E-4D91-87A0-9F2F7891BC8F}
		{8617E240-691D-4F27-8BA1-48DB5A1A1BBD} = {DDE064C9-097E-4D91-87A0-9F2F7891BC8F}
		{CA4B1A85-1B46-48B4-BA02-10D340C89894} = {DDE064C9-097E-4D91-87A0-9F2F7891BC8F}
		{66D096BC-0261-41DF-A729-0208566364D5} = {DDE064C9-097E-4D91-87A0-9F2F7891BC8F}
		{3EA42686-C653-4B10-B4CB-FB574EE9907F} = {DDE064C9-097E-4D91-87A0-9F2F7891BC8F}
		{429A8222-39DC-4D9A-B0BA-EE0893324CF4} = {8E1719A6-CEC6-4766-B07B-F2D4EDA91057}
		{49B7FF2E-7861-4E50-BA2F-1E79787659DF} = {7EAD0122-1242-4179-BE50-5641F18D4050}
	EndGlobalSection
	GlobalSection(ExtensibilityGlobals) = postSolution
		SolutionGuid = {7CCEAABE-45B4-414D-A0A5-108B4DDEC89E}
	EndGlobalSection
EndGlobal
