
Microsoft Visual Studio Solution File, Format Version 12.00
# Visual Studio Version 16
VisualStudioVersion = 16.0.30011.22
MinimumVisualStudioVersion = 10.0.40219.1
Project("{9A19103F-16F7-4668-BE54-9A1E7A4F7556}") = "CryptoWatcher.Domain", "CryptoWatcher.Domain\CryptoWatcher.Domain.csproj", "{B6DBBB9C-D0C5-43D5-AAED-B2556727684C}"
EndProject
Project("{9A19103F-16F7-4668-BE54-9A1E7A4F7556}") = "CryptoWatcher.Persistence", "CryptoWatcher.Persistence\CryptoWatcher.Persistence.csproj", "{C40B35A2-161C-42AA-BA44-189D6379FA3E}"
EndProject
Project("{9A19103F-16F7-4668-BE54-9A1E7A4F7556}") = "CryptoWatcher.Shared", "CryptoWatcher.Shared\CryptoWatcher.Shared.csproj", "{F1125836-8EB9-4059-83F3-9EAB6E4B739C}"
EndProject
Project("{9A19103F-16F7-4668-BE54-9A1E7A4F7556}") = "CryptoWatcher.ApiClient", "CryptoWatcher.ApiClient\CryptoWatcher.ApiClient.csproj", "{89CCE7D2-81F9-4F03-B40D-84915167A4EB}"
EndProject
Project("{2150E333-8FDC-42A3-9474-1A3956D46DE8}") = "3.- Domain", "3.- Domain", "{C6E9ABD6-381C-4BD2-A666-D52A953BE516}"
EndProject
Project("{2150E333-8FDC-42A3-9474-1A3956D46DE8}") = "5.- Persistence", "5.- Persistence", "{3BC58F9B-2BBB-47A9-9B07-47C766F20070}"
EndProject
Project("{2150E333-8FDC-42A3-9474-1A3956D46DE8}") = "2.- Application", "2.- Application", "{1C3DE5BC-D4BF-437C-B9E2-FF1049025709}"
EndProject
Project("{2150E333-8FDC-42A3-9474-1A3956D46DE8}") = "7.- Shared", "7.- Shared", "{DDE064C9-097E-4D91-87A0-9F2F7891BC8F}"
EndProject
Project("{9A19103F-16F7-4668-BE54-9A1E7A4F7556}") = "CryptoWatcher.Shared.Tests", "CryptoWatcher.Shared.Tests\CryptoWatcher.Shared.Tests.csproj", "{73B242C1-826F-4D15-A0CF-93A655EC6619}"
EndProject
Project("{00D1A9C2-B5F0-4AF3-8072-F6C62B433612}") = "CryptoWatcher.Database", "CryptoWatcher.Database\CryptoWatcher.Database.sqlproj", "{9F3BEC90-3A50-41F0-AED1-DD734082AFA4}"
EndProject
Project("{2150E333-8FDC-42A3-9474-1A3956D46DE8}") = "1.- Clients", "1.- Clients", "{71BFA55D-3DFE-4974-94FC-59A45F3A43D1}"
EndProject
Project("{9A19103F-16F7-4668-BE54-9A1E7A4F7556}") = "CryptoWatcher.Service", "CryptoWatcher.Service\CryptoWatcher.Service.csproj", "{D5CC79ED-15ED-4DC5-BC63-C577D69BDA5A}"
EndProject
Project("{9A19103F-16F7-4668-BE54-9A1E7A4F7556}") = "CryptoWatcher.Application", "CryptoWatcher.Application\CryptoWatcher.Application.csproj", "{8D834433-08CF-4210-9689-3F900D659279}"
EndProject
Project("{9A19103F-16F7-4668-BE54-9A1E7A4F7556}") = "CryptoWatcher.UI", "CryptoWatcher.UI\CryptoWatcher.UI.csproj", "{E69479FE-F761-4B2A-9F5B-8B873CE518A0}"
EndProject
Project("{9A19103F-16F7-4668-BE54-9A1E7A4F7556}") = "CryptoWatcher.Exchanges", "CryptoWatcher.Exchanges\CryptoWatcher.Exchanges.csproj", "{2A5A40FF-7A4A-45EF-A638-B48C86E710A1}"
EndProject
Project("{2150E333-8FDC-42A3-9474-1A3956D46DE8}") = "6.- Exchanges", "6.- Exchanges", "{745423D1-AE67-4D3D-B81B-F05609E5F62A}"
EndProject
Project("{9A19103F-16F7-4668-BE54-9A1E7A4F7556}") = "CryptoWatcher.Domain.Tests", "CryptoWatcher.Domain.Tests\CryptoWatcher.Domain.Tests.csproj", "{1B4B4F5D-5D7A-4DB5-8A22-2ED4006DF29A}"
EndProject
Project("{9A19103F-16F7-4668-BE54-9A1E7A4F7556}") = "CryptoWatcher.Web", "CryptoWatcher.Web\CryptoWatcher.Web.csproj", "{83EBE6E6-987A-4E9A-8624-B4B4A7088E00}"
EndProject
Project("{9A19103F-16F7-4668-BE54-9A1E7A4F7556}") = "CesarBmx.Shared.Serialization", "..\Shared\CesarBmx.Shared.Serialization\CesarBmx.Shared.Serialization.csproj", "{B6F61434-98F8-4A0C-A5B8-5A4B076129FE}"
EndProject
Project("{9A19103F-16F7-4668-BE54-9A1E7A4F7556}") = "CesarBmx.Shared.Common", "..\Shared\CesarBmx.Shared.Common\CesarBmx.Shared.Common.csproj", "{673E5381-200F-4037-B390-AD03FB3DABA1}"
EndProject
Project("{9A19103F-16F7-4668-BE54-9A1E7A4F7556}") = "CesarBmx.Shared.Logging", "..\Shared\CesarBmx.Shared.Logging\CesarBmx.Shared.Logging.csproj", "{6115AEB9-55F2-4962-810E-1F9CD8D6AF7B}"
EndProject
Project("{9A19103F-16F7-4668-BE54-9A1E7A4F7556}") = "CesarBmx.Shared.Persistence", "..\Shared\CesarBmx.Shared.Persistence\CesarBmx.Shared.Persistence.csproj", "{8617E240-691D-4F27-8BA1-48DB5A1A1BBD}"
EndProject
Project("{9A19103F-16F7-4668-BE54-9A1E7A4F7556}") = "CesarBmx.Shared.Application", "..\Shared\CesarBmx.Shared.Application\CesarBmx.Shared.Application.csproj", "{CA4B1A85-1B46-48B4-BA02-10D340C89894}"
EndProject
Project("{9A19103F-16F7-4668-BE54-9A1E7A4F7556}") = "CesarBmx.Shared.Domain", "..\Shared\CesarBmx.Shared.Domain\CesarBmx.Shared.Domain.csproj", "{66D096BC-0261-41DF-A729-0208566364D5}"
EndProject
Project("{2150E333-8FDC-42A3-9474-1A3956D46DE8}") = "1.- Api", "1.- Api", "{8E1719A6-CEC6-4766-B07B-F2D4EDA91057}"
EndProject
Project("{9A19103F-16F7-4668-BE54-9A1E7A4F7556}") = "CesarBmx.Shared.Api", "..\Shared\CesarBmx.Shared.Api\CesarBmx.Shared.Api.csproj", "{3EA42686-C653-4B10-B4CB-FB574EE9907F}"
EndProject
Project("{9A19103F-16F7-4668-BE54-9A1E7A4F7556}") = "CryptoWatcher.Api", "CryptoWatcher.Api\CryptoWatcher.Api.csproj", "{429A8222-39DC-4D9A-B0BA-EE0893324CF4}"
EndProject
Global
	GlobalSection(SolutionConfigurationPlatforms) = preSolution
		Debug|Any CPU = Debug|Any CPU
		Release|Any CPU = Release|Any CPU
	EndGlobalSection
	GlobalSection(ProjectConfigurationPlatforms) = postSolution
		{B6DBBB9C-D0C5-43D5-AAED-B2556727684C}.Debug|Any CPU.ActiveCfg = Debug|Any CPU
		{B6DBBB9C-D0C5-43D5-AAED-B2556727684C}.Debug|Any CPU.Build.0 = Debug|Any CPU
		{B6DBBB9C-D0C5-43D5-AAED-B2556727684C}.Release|Any CPU.ActiveCfg = Release|Any CPU
		{B6DBBB9C-D0C5-43D5-AAED-B2556727684C}.Release|Any CPU.Build.0 = Release|Any CPU
		{C40B35A2-161C-42AA-BA44-189D6379FA3E}.Debug|Any CPU.ActiveCfg = Debug|Any CPU
		{C40B35A2-161C-42AA-BA44-189D6379FA3E}.Debug|Any CPU.Build.0 = Debug|Any CPU
		{C40B35A2-161C-42AA-BA44-189D6379FA3E}.Release|Any CPU.ActiveCfg = Debug|Any CPU
		{C40B35A2-161C-42AA-BA44-189D6379FA3E}.Release|Any CPU.Build.0 = Debug|Any CPU
		{F1125836-8EB9-4059-83F3-9EAB6E4B739C}.Debug|Any CPU.ActiveCfg = Debug|Any CPU
		{F1125836-8EB9-4059-83F3-9EAB6E4B739C}.Debug|Any CPU.Build.0 = Debug|Any CPU
		{F1125836-8EB9-4059-83F3-9EAB6E4B739C}.Release|Any CPU.ActiveCfg = Release|Any CPU
		{F1125836-8EB9-4059-83F3-9EAB6E4B739C}.Release|Any CPU.Build.0 = Release|Any CPU
		{89CCE7D2-81F9-4F03-B40D-84915167A4EB}.Debug|Any CPU.ActiveCfg = Debug|Any CPU
		{89CCE7D2-81F9-4F03-B40D-84915167A4EB}.Debug|Any CPU.Build.0 = Debug|Any CPU
		{89CCE7D2-81F9-4F03-B40D-84915167A4EB}.Release|Any CPU.ActiveCfg = Release|Any CPU
		{89CCE7D2-81F9-4F03-B40D-84915167A4EB}.Release|Any CPU.Build.0 = Release|Any CPU
		{73B242C1-826F-4D15-A0CF-93A655EC6619}.Debug|Any CPU.ActiveCfg = Debug|Any CPU
		{73B242C1-826F-4D15-A0CF-93A655EC6619}.Debug|Any CPU.Build.0 = Debug|Any CPU
		{73B242C1-826F-4D15-A0CF-93A655EC6619}.Release|Any CPU.ActiveCfg = Release|Any CPU
		{73B242C1-826F-4D15-A0CF-93A655EC6619}.Release|Any CPU.Build.0 = Release|Any CPU
		{9F3BEC90-3A50-41F0-AED1-DD734082AFA4}.Debug|Any CPU.ActiveCfg = Debug|Any CPU
		{9F3BEC90-3A50-41F0-AED1-DD734082AFA4}.Debug|Any CPU.Build.0 = Debug|Any CPU
		{9F3BEC90-3A50-41F0-AED1-DD734082AFA4}.Debug|Any CPU.Deploy.0 = Debug|Any CPU
		{9F3BEC90-3A50-41F0-AED1-DD734082AFA4}.Release|Any CPU.ActiveCfg = Release|Any CPU
		{9F3BEC90-3A50-41F0-AED1-DD734082AFA4}.Release|Any CPU.Build.0 = Release|Any CPU
		{9F3BEC90-3A50-41F0-AED1-DD734082AFA4}.Release|Any CPU.Deploy.0 = Release|Any CPU
		{D5CC79ED-15ED-4DC5-BC63-C577D69BDA5A}.Debug|Any CPU.ActiveCfg = Debug|Any CPU
		{D5CC79ED-15ED-4DC5-BC63-C577D69BDA5A}.Debug|Any CPU.Build.0 = Debug|Any CPU
		{D5CC79ED-15ED-4DC5-BC63-C577D69BDA5A}.Release|Any CPU.ActiveCfg = Release|Any CPU
		{D5CC79ED-15ED-4DC5-BC63-C577D69BDA5A}.Release|Any CPU.Build.0 = Release|Any CPU
		{8D834433-08CF-4210-9689-3F900D659279}.Debug|Any CPU.ActiveCfg = Debug|Any CPU
		{8D834433-08CF-4210-9689-3F900D659279}.Debug|Any CPU.Build.0 = Debug|Any CPU
		{8D834433-08CF-4210-9689-3F900D659279}.Release|Any CPU.ActiveCfg = Release|Any CPU
		{8D834433-08CF-4210-9689-3F900D659279}.Release|Any CPU.Build.0 = Release|Any CPU
		{E69479FE-F761-4B2A-9F5B-8B873CE518A0}.Debug|Any CPU.ActiveCfg = Debug|Any CPU
		{E69479FE-F761-4B2A-9F5B-8B873CE518A0}.Debug|Any CPU.Build.0 = Debug|Any CPU
		{E69479FE-F761-4B2A-9F5B-8B873CE518A0}.Release|Any CPU.ActiveCfg = Release|Any CPU
		{E69479FE-F761-4B2A-9F5B-8B873CE518A0}.Release|Any CPU.Build.0 = Release|Any CPU
		{2A5A40FF-7A4A-45EF-A638-B48C86E710A1}.Debug|Any CPU.ActiveCfg = Debug|Any CPU
		{2A5A40FF-7A4A-45EF-A638-B48C86E710A1}.Debug|Any CPU.Build.0 = Debug|Any CPU
		{2A5A40FF-7A4A-45EF-A638-B48C86E710A1}.Release|Any CPU.ActiveCfg = Release|Any CPU
		{2A5A40FF-7A4A-45EF-A638-B48C86E710A1}.Release|Any CPU.Build.0 = Release|Any CPU
		{1B4B4F5D-5D7A-4DB5-8A22-2ED4006DF29A}.Debug|Any CPU.ActiveCfg = Debug|Any CPU
		{1B4B4F5D-5D7A-4DB5-8A22-2ED4006DF29A}.Debug|Any CPU.Build.0 = Debug|Any CPU
		{1B4B4F5D-5D7A-4DB5-8A22-2ED4006DF29A}.Release|Any CPU.ActiveCfg = Release|Any CPU
		{1B4B4F5D-5D7A-4DB5-8A22-2ED4006DF29A}.Release|Any CPU.Build.0 = Release|Any CPU
		{83EBE6E6-987A-4E9A-8624-B4B4A7088E00}.Debug|Any CPU.ActiveCfg = Debug|Any CPU
		{83EBE6E6-987A-4E9A-8624-B4B4A7088E00}.Debug|Any CPU.Build.0 = Debug|Any CPU
		{83EBE6E6-987A-4E9A-8624-B4B4A7088E00}.Release|Any CPU.ActiveCfg = Release|Any CPU
		{83EBE6E6-987A-4E9A-8624-B4B4A7088E00}.Release|Any CPU.Build.0 = Release|Any CPU
		{B6F61434-98F8-4A0C-A5B8-5A4B076129FE}.Debug|Any CPU.ActiveCfg = Debug|Any CPU
		{B6F61434-98F8-4A0C-A5B8-5A4B076129FE}.Debug|Any CPU.Build.0 = Debug|Any CPU
		{B6F61434-98F8-4A0C-A5B8-5A4B076129FE}.Release|Any CPU.ActiveCfg = Release|Any CPU
		{B6F61434-98F8-4A0C-A5B8-5A4B076129FE}.Release|Any CPU.Build.0 = Release|Any CPU
		{673E5381-200F-4037-B390-AD03FB3DABA1}.Debug|Any CPU.ActiveCfg = Debug|Any CPU
		{673E5381-200F-4037-B390-AD03FB3DABA1}.Debug|Any CPU.Build.0 = Debug|Any CPU
		{673E5381-200F-4037-B390-AD03FB3DABA1}.Release|Any CPU.ActiveCfg = Release|Any CPU
		{673E5381-200F-4037-B390-AD03FB3DABA1}.Release|Any CPU.Build.0 = Release|Any CPU
		{6115AEB9-55F2-4962-810E-1F9CD8D6AF7B}.Debug|Any CPU.ActiveCfg = Debug|Any CPU
		{6115AEB9-55F2-4962-810E-1F9CD8D6AF7B}.Debug|Any CPU.Build.0 = Debug|Any CPU
		{6115AEB9-55F2-4962-810E-1F9CD8D6AF7B}.Release|Any CPU.ActiveCfg = Release|Any CPU
		{6115AEB9-55F2-4962-810E-1F9CD8D6AF7B}.Release|Any CPU.Build.0 = Release|Any CPU
		{8617E240-691D-4F27-8BA1-48DB5A1A1BBD}.Debug|Any CPU.ActiveCfg = Debug|Any CPU
		{8617E240-691D-4F27-8BA1-48DB5A1A1BBD}.Debug|Any CPU.Build.0 = Debug|Any CPU
		{8617E240-691D-4F27-8BA1-48DB5A1A1BBD}.Release|Any CPU.ActiveCfg = Release|Any CPU
		{8617E240-691D-4F27-8BA1-48DB5A1A1BBD}.Release|Any CPU.Build.0 = Release|Any CPU
		{CA4B1A85-1B46-48B4-BA02-10D340C89894}.Debug|Any CPU.ActiveCfg = Debug|Any CPU
		{CA4B1A85-1B46-48B4-BA02-10D340C89894}.Debug|Any CPU.Build.0 = Debug|Any CPU
		{CA4B1A85-1B46-48B4-BA02-10D340C89894}.Release|Any CPU.ActiveCfg = Release|Any CPU
		{CA4B1A85-1B46-48B4-BA02-10D340C89894}.Release|Any CPU.Build.0 = Release|Any CPU
		{66D096BC-0261-41DF-A729-0208566364D5}.Debug|Any CPU.ActiveCfg = Debug|Any CPU
		{66D096BC-0261-41DF-A729-0208566364D5}.Debug|Any CPU.Build.0 = Debug|Any CPU
		{66D096BC-0261-41DF-A729-0208566364D5}.Release|Any CPU.ActiveCfg = Release|Any CPU
		{66D096BC-0261-41DF-A729-0208566364D5}.Release|Any CPU.Build.0 = Release|Any CPU
		{3EA42686-C653-4B10-B4CB-FB574EE9907F}.Debug|Any CPU.ActiveCfg = Debug|Any CPU
		{3EA42686-C653-4B10-B4CB-FB574EE9907F}.Debug|Any CPU.Build.0 = Debug|Any CPU
		{3EA42686-C653-4B10-B4CB-FB574EE9907F}.Release|Any CPU.ActiveCfg = Release|Any CPU
		{3EA42686-C653-4B10-B4CB-FB574EE9907F}.Release|Any CPU.Build.0 = Release|Any CPU
		{429A8222-39DC-4D9A-B0BA-EE0893324CF4}.Debug|Any CPU.ActiveCfg = Debug|Any CPU
		{429A8222-39DC-4D9A-B0BA-EE0893324CF4}.Debug|Any CPU.Build.0 = Debug|Any CPU
		{429A8222-39DC-4D9A-B0BA-EE0893324CF4}.Release|Any CPU.ActiveCfg = Release|Any CPU
		{429A8222-39DC-4D9A-B0BA-EE0893324CF4}.Release|Any CPU.Build.0 = Release|Any CPU
	EndGlobalSection
	GlobalSection(SolutionProperties) = preSolution
		HideSolutionNode = FALSE
	EndGlobalSection
	GlobalSection(NestedProjects) = preSolution
		{B6DBBB9C-D0C5-43D5-AAED-B2556727684C} = {C6E9ABD6-381C-4BD2-A666-D52A953BE516}
		{C40B35A2-161C-42AA-BA44-189D6379FA3E} = {3BC58F9B-2BBB-47A9-9B07-47C766F20070}
		{F1125836-8EB9-4059-83F3-9EAB6E4B739C} = {DDE064C9-097E-4D91-87A0-9F2F7891BC8F}
		{89CCE7D2-81F9-4F03-B40D-84915167A4EB} = {71BFA55D-3DFE-4974-94FC-59A45F3A43D1}
		{73B242C1-826F-4D15-A0CF-93A655EC6619} = {DDE064C9-097E-4D91-87A0-9F2F7891BC8F}
		{9F3BEC90-3A50-41F0-AED1-DD734082AFA4} = {3BC58F9B-2BBB-47A9-9B07-47C766F20070}
		{D5CC79ED-15ED-4DC5-BC63-C577D69BDA5A} = {71BFA55D-3DFE-4974-94FC-59A45F3A43D1}
		{8D834433-08CF-4210-9689-3F900D659279} = {1C3DE5BC-D4BF-437C-B9E2-FF1049025709}
		{E69479FE-F761-4B2A-9F5B-8B873CE518A0} = {71BFA55D-3DFE-4974-94FC-59A45F3A43D1}
		{2A5A40FF-7A4A-45EF-A638-B48C86E710A1} = {745423D1-AE67-4D3D-B81B-F05609E5F62A}
		{1B4B4F5D-5D7A-4DB5-8A22-2ED4006DF29A} = {C6E9ABD6-381C-4BD2-A666-D52A953BE516}
		{83EBE6E6-987A-4E9A-8624-B4B4A7088E00} = {71BFA55D-3DFE-4974-94FC-59A45F3A43D1}
		{B6F61434-98F8-4A0C-A5B8-5A4B076129FE} = {DDE064C9-097E-4D91-87A0-9F2F7891BC8F}
		{673E5381-200F-4037-B390-AD03FB3DABA1} = {DDE064C9-097E-4D91-87A0-9F2F7891BC8F}
		{6115AEB9-55F2-4962-810E-1F9CD8D6AF7B} = {DDE064C9-097E-4D91-87A0-9F2F7891BC8F}
		{8617E240-691D-4F27-8BA1-48DB5A1A1BBD} = {DDE064C9-097E-4D91-87A0-9F2F7891BC8F}
		{CA4B1A85-1B46-48B4-BA02-10D340C89894} = {DDE064C9-097E-4D91-87A0-9F2F7891BC8F}
		{66D096BC-0261-41DF-A729-0208566364D5} = {DDE064C9-097E-4D91-87A0-9F2F7891BC8F}
		{3EA42686-C653-4B10-B4CB-FB574EE9907F} = {DDE064C9-097E-4D91-87A0-9F2F7891BC8F}
		{429A8222-39DC-4D9A-B0BA-EE0893324CF4} = {8E1719A6-CEC6-4766-B07B-F2D4EDA91057}
	EndGlobalSection
	GlobalSection(ExtensibilityGlobals) = postSolution
		SolutionGuid = {7CCEAABE-45B4-414D-A0A5-108B4DDEC89E}
	EndGlobalSection
EndGlobal
