
Microsoft Visual Studio Solution File, Format Version 12.00
# Visual Studio 15
VisualStudioVersion = 15.0.27428.2015
MinimumVisualStudioVersion = 10.0.40219.1
Project("{9A19103F-16F7-4668-BE54-9A1E7A4F7556}") = "CryptoWatcher.Domain", "CryptoWatcher.Domain\CryptoWatcher.Domain.csproj", "{B6DBBB9C-D0C5-43D5-AAED-B2556727684C}"
EndProject
Project("{9A19103F-16F7-4668-BE54-9A1E7A4F7556}") = "CryptoWatcher.Persistence", "CryptoWatcher.Persistence\CryptoWatcher.Persistence.csproj", "{C40B35A2-161C-42AA-BA44-189D6379FA3E}"
EndProject
Project("{9A19103F-16F7-4668-BE54-9A1E7A4F7556}") = "CryptoWatcher.Api", "CryptoWatcher.Api\CryptoWatcher.Api.csproj", "{438DF868-6A71-4D78-A89F-2EB6D61A6D51}"
EndProject
Project("{9A19103F-16F7-4668-BE54-9A1E7A4F7556}") = "CryptoWatcher.Shared", "CryptoWatcher.Shared\CryptoWatcher.Shared.csproj", "{F1125836-8EB9-4059-83F3-9EAB6E4B739C}"
EndProject
Project("{9A19103F-16F7-4668-BE54-9A1E7A4F7556}") = "CryptoWatcher.ApiClient", "CryptoWatcher.ApiClient\CryptoWatcher.ApiClient.csproj", "{89CCE7D2-81F9-4F03-B40D-84915167A4EB}"
EndProject
Project("{2150E333-8FDC-42A3-9474-1A3956D46DE8}") = "Domain", "Domain", "{C6E9ABD6-381C-4BD2-A666-D52A953BE516}"
EndProject
Project("{2150E333-8FDC-42A3-9474-1A3956D46DE8}") = "Persistence", "Persistence", "{3BC58F9B-2BBB-47A9-9B07-47C766F20070}"
EndProject
Project("{2150E333-8FDC-42A3-9474-1A3956D46DE8}") = "Application", "Application", "{1C3DE5BC-D4BF-437C-B9E2-FF1049025709}"
EndProject
Project("{2150E333-8FDC-42A3-9474-1A3956D46DE8}") = "Shared", "Shared", "{DDE064C9-097E-4D91-87A0-9F2F7891BC8F}"
EndProject
Project("{9A19103F-16F7-4668-BE54-9A1E7A4F7556}") = "CryptoWatcher.Shared.Tests", "CryptoWatcher.Shared.Tests\CryptoWatcher.Shared.Tests.csproj", "{73B242C1-826F-4D15-A0CF-93A655EC6619}"
EndProject
Project("{00D1A9C2-B5F0-4AF3-8072-F6C62B433612}") = "CryptoWatcher.Database", "CryptoWatcher.Database\CryptoWatcher.Database.sqlproj", "{9F3BEC90-3A50-41F0-AED1-DD734082AFA4}"
EndProject
Project("{9A19103F-16F7-4668-BE54-9A1E7A4F7556}") = "CryptoWatcher.Domain.Tests", "CryptoWatcher.Domain.Tests\CryptoWatcher.Domain.Tests.csproj", "{DC9A5294-D2AA-4DA6-9EE6-FD6252CB21F0}"
EndProject
Project("{FAE04EC0-301F-11D3-BF4B-00C04F79EFBC}") = "CryptoWatcher.BackgroundJobs", "CryptoWatcher.BackgroundJobs\CryptoWatcher.BackgroundJobs.csproj", "{E991C5D0-DDF6-47AD-BB06-68A898CDAFF9}"
EndProject
Project("{9A19103F-16F7-4668-BE54-9A1E7A4F7556}") = "CryptoWatcher.ConsoleApp", "CryptoWatcher.ConsoleApp\CryptoWatcher.ConsoleApp.csproj", "{C162F072-EFB3-4A6B-B4CF-1D7494E28E92}"
EndProject
Project("{2150E333-8FDC-42A3-9474-1A3956D46DE8}") = "Infrastructure", "Infrastructure", "{9D7A53C7-17CC-462B-A481-467E86A818B8}"
EndProject
Global
	GlobalSection(SolutionConfigurationPlatforms) = preSolution
		Debug|Any CPU = Debug|Any CPU
		Release|Any CPU = Release|Any CPU
	EndGlobalSection
	GlobalSection(ProjectConfigurationPlatforms) = postSolution
		{B6DBBB9C-D0C5-43D5-AAED-B2556727684C}.Debug|Any CPU.ActiveCfg = Debug|Any CPU
		{B6DBBB9C-D0C5-43D5-AAED-B2556727684C}.Debug|Any CPU.Build.0 = Debug|Any CPU
		{B6DBBB9C-D0C5-43D5-AAED-B2556727684C}.Release|Any CPU.ActiveCfg = Release|Any CPU
		{B6DBBB9C-D0C5-43D5-AAED-B2556727684C}.Release|Any CPU.Build.0 = Release|Any CPU
		{C40B35A2-161C-42AA-BA44-189D6379FA3E}.Debug|Any CPU.ActiveCfg = Debug|Any CPU
		{C40B35A2-161C-42AA-BA44-189D6379FA3E}.Debug|Any CPU.Build.0 = Debug|Any CPU
		{C40B35A2-161C-42AA-BA44-189D6379FA3E}.Release|Any CPU.ActiveCfg = Release|Any CPU
		{C40B35A2-161C-42AA-BA44-189D6379FA3E}.Release|Any CPU.Build.0 = Release|Any CPU
		{438DF868-6A71-4D78-A89F-2EB6D61A6D51}.Debug|Any CPU.ActiveCfg = Debug|Any CPU
		{438DF868-6A71-4D78-A89F-2EB6D61A6D51}.Debug|Any CPU.Build.0 = Debug|Any CPU
		{438DF868-6A71-4D78-A89F-2EB6D61A6D51}.Release|Any CPU.ActiveCfg = Release|Any CPU
		{438DF868-6A71-4D78-A89F-2EB6D61A6D51}.Release|Any CPU.Build.0 = Release|Any CPU
		{F1125836-8EB9-4059-83F3-9EAB6E4B739C}.Debug|Any CPU.ActiveCfg = Debug|Any CPU
		{F1125836-8EB9-4059-83F3-9EAB6E4B739C}.Debug|Any CPU.Build.0 = Debug|Any CPU
		{F1125836-8EB9-4059-83F3-9EAB6E4B739C}.Release|Any CPU.ActiveCfg = Release|Any CPU
		{F1125836-8EB9-4059-83F3-9EAB6E4B739C}.Release|Any CPU.Build.0 = Release|Any CPU
		{89CCE7D2-81F9-4F03-B40D-84915167A4EB}.Debug|Any CPU.ActiveCfg = Debug|Any CPU
		{89CCE7D2-81F9-4F03-B40D-84915167A4EB}.Debug|Any CPU.Build.0 = Debug|Any CPU
		{89CCE7D2-81F9-4F03-B40D-84915167A4EB}.Release|Any CPU.ActiveCfg = Release|Any CPU
		{89CCE7D2-81F9-4F03-B40D-84915167A4EB}.Release|Any CPU.Build.0 = Release|Any CPU
		{73B242C1-826F-4D15-A0CF-93A655EC6619}.Debug|Any CPU.ActiveCfg = Debug|Any CPU
		{73B242C1-826F-4D15-A0CF-93A655EC6619}.Debug|Any CPU.Build.0 = Debug|Any CPU
		{73B242C1-826F-4D15-A0CF-93A655EC6619}.Release|Any CPU.ActiveCfg = Release|Any CPU
		{73B242C1-826F-4D15-A0CF-93A655EC6619}.Release|Any CPU.Build.0 = Release|Any CPU
		{9F3BEC90-3A50-41F0-AED1-DD734082AFA4}.Debug|Any CPU.ActiveCfg = Debug|Any CPU
		{9F3BEC90-3A50-41F0-AED1-DD734082AFA4}.Debug|Any CPU.Build.0 = Debug|Any CPU
		{9F3BEC90-3A50-41F0-AED1-DD734082AFA4}.Debug|Any CPU.Deploy.0 = Debug|Any CPU
		{9F3BEC90-3A50-41F0-AED1-DD734082AFA4}.Release|Any CPU.ActiveCfg = Release|Any CPU
		{9F3BEC90-3A50-41F0-AED1-DD734082AFA4}.Release|Any CPU.Build.0 = Release|Any CPU
		{9F3BEC90-3A50-41F0-AED1-DD734082AFA4}.Release|Any CPU.Deploy.0 = Release|Any CPU
		{DC9A5294-D2AA-4DA6-9EE6-FD6252CB21F0}.Debug|Any CPU.ActiveCfg = Debug|Any CPU
		{DC9A5294-D2AA-4DA6-9EE6-FD6252CB21F0}.Debug|Any CPU.Build.0 = Debug|Any CPU
		{DC9A5294-D2AA-4DA6-9EE6-FD6252CB21F0}.Release|Any CPU.ActiveCfg = Release|Any CPU
		{DC9A5294-D2AA-4DA6-9EE6-FD6252CB21F0}.Release|Any CPU.Build.0 = Release|Any CPU
		{E991C5D0-DDF6-47AD-BB06-68A898CDAFF9}.Debug|Any CPU.ActiveCfg = Debug|Any CPU
		{E991C5D0-DDF6-47AD-BB06-68A898CDAFF9}.Debug|Any CPU.Build.0 = Debug|Any CPU
		{E991C5D0-DDF6-47AD-BB06-68A898CDAFF9}.Release|Any CPU.ActiveCfg = Release|Any CPU
		{E991C5D0-DDF6-47AD-BB06-68A898CDAFF9}.Release|Any CPU.Build.0 = Release|Any CPU
		{C162F072-EFB3-4A6B-B4CF-1D7494E28E92}.Debug|Any CPU.ActiveCfg = Debug|Any CPU
		{C162F072-EFB3-4A6B-B4CF-1D7494E28E92}.Debug|Any CPU.Build.0 = Debug|Any CPU
		{C162F072-EFB3-4A6B-B4CF-1D7494E28E92}.Release|Any CPU.ActiveCfg = Release|Any CPU
		{C162F072-EFB3-4A6B-B4CF-1D7494E28E92}.Release|Any CPU.Build.0 = Release|Any CPU
	EndGlobalSection
	GlobalSection(SolutionProperties) = preSolution
		HideSolutionNode = FALSE
	EndGlobalSection
	GlobalSection(NestedProjects) = preSolution
		{B6DBBB9C-D0C5-43D5-AAED-B2556727684C} = {C6E9ABD6-381C-4BD2-A666-D52A953BE516}
		{C40B35A2-161C-42AA-BA44-189D6379FA3E} = {3BC58F9B-2BBB-47A9-9B07-47C766F20070}
		{438DF868-6A71-4D78-A89F-2EB6D61A6D51} = {1C3DE5BC-D4BF-437C-B9E2-FF1049025709}
		{F1125836-8EB9-4059-83F3-9EAB6E4B739C} = {DDE064C9-097E-4D91-87A0-9F2F7891BC8F}
		{89CCE7D2-81F9-4F03-B40D-84915167A4EB} = {1C3DE5BC-D4BF-437C-B9E2-FF1049025709}
		{73B242C1-826F-4D15-A0CF-93A655EC6619} = {DDE064C9-097E-4D91-87A0-9F2F7891BC8F}
		{9F3BEC90-3A50-41F0-AED1-DD734082AFA4} = {3BC58F9B-2BBB-47A9-9B07-47C766F20070}
		{DC9A5294-D2AA-4DA6-9EE6-FD6252CB21F0} = {C6E9ABD6-381C-4BD2-A666-D52A953BE516}
		{E991C5D0-DDF6-47AD-BB06-68A898CDAFF9} = {9D7A53C7-17CC-462B-A481-467E86A818B8}
		{C162F072-EFB3-4A6B-B4CF-1D7494E28E92} = {1C3DE5BC-D4BF-437C-B9E2-FF1049025709}
	EndGlobalSection
	GlobalSection(ExtensibilityGlobals) = postSolution
		SolutionGuid = {7CCEAABE-45B4-414D-A0A5-108B4DDEC89E}
	EndGlobalSection
EndGlobal
